// !$*UTF8*$!
{
	archiveVersion = 1;
	classes = {
	};
	objectVersion = 50;
	objects = {

/* Begin PBXBuildFile section */
		32EE06BE24AE44A7008BD4ED /* AppDelegate.swift in Sources */ = {isa = PBXBuildFile; fileRef = 32EE06BD24AE44A7008BD4ED /* AppDelegate.swift */; };
		32EE06C024AE44A7008BD4ED /* SceneDelegate.swift in Sources */ = {isa = PBXBuildFile; fileRef = 32EE06BF24AE44A7008BD4ED /* SceneDelegate.swift */; };
		32EE06C224AE44A7008BD4ED /* ViewController.swift in Sources */ = {isa = PBXBuildFile; fileRef = 32EE06C124AE44A7008BD4ED /* ViewController.swift */; };
		32EE06C524AE44A7008BD4ED /* Main.storyboard in Resources */ = {isa = PBXBuildFile; fileRef = 32EE06C324AE44A7008BD4ED /* Main.storyboard */; };
		32EE06C724AE44A8008BD4ED /* Assets.xcassets in Resources */ = {isa = PBXBuildFile; fileRef = 32EE06C624AE44A8008BD4ED /* Assets.xcassets */; };
		32EE06CA24AE44A8008BD4ED /* LaunchScreen.storyboard in Resources */ = {isa = PBXBuildFile; fileRef = 32EE06C824AE44A8008BD4ED /* LaunchScreen.storyboard */; };
/* End PBXBuildFile section */

/* Begin PBXFileReference section */
		32EE06BA24AE44A7008BD4ED /* NewTestGit.app */ = {isa = PBXFileReference; explicitFileType = wrapper.application; includeInIndex = 0; path = NewTestGit.app; sourceTree = BUILT_PRODUCTS_DIR; };
		32EE06BD24AE44A7008BD4ED /* AppDelegate.swift */ = {isa = PBXFileReference; lastKnownFileType = sourcecode.swift; path = AppDelegate.swift; sourceTree = "<group>"; };
		32EE06BF24AE44A7008BD4ED /* SceneDelegate.swift */ = {isa = PBXFileReference; lastKnownFileType = sourcecode.swift; path = SceneDelegate.swift; sourceTree = "<group>"; };
		32EE06C124AE44A7008BD4ED /* ViewController.swift */ = {isa = PBXFileReference; lastKnownFileType = sourcecode.swift; path = ViewController.swift; sourceTree = "<group>"; };
		32EE06C424AE44A7008BD4ED /* Base */ = {isa = PBXFileReference; lastKnownFileType = file.storyboard; name = Base; path = Base.lproj/Main.storyboard; sourceTree = "<group>"; };
		32EE06C624AE44A8008BD4ED /* Assets.xcassets */ = {isa = PBXFileReference; lastKnownFileType = folder.assetcatalog; path = Assets.xcassets; sourceTree = "<group>"; };
		32EE06C924AE44A8008BD4ED /* Base */ = {isa = PBXFileReference; lastKnownFileType = file.storyboard; name = Base; path = Base.lproj/LaunchScreen.storyboard; sourceTree = "<group>"; };
		32EE06CB24AE44A8008BD4ED /* Info.plist */ = {isa = PBXFileReference; lastKnownFileType = text.plist.xml; path = Info.plist; sourceTree = "<group>"; };
/* End PBXFileReference section */

/* Begin PBXFrameworksBuildPhase section */
		32EE06B724AE44A7008BD4ED /* Frameworks */ = {
			isa = PBXFrameworksBuildPhase;
			buildActionMask = 2147483647;
			files = (
			);
			runOnlyForDeploymentPostprocessing = 0;
		};
/* End PBXFrameworksBuildPhase section */

/* Begin PBXGroup section */
		32EE06B124AE44A7008BD4ED = {
			isa = PBXGroup;
			children = (
				32EE06BC24AE44A7008BD4ED /* NewTestGit */,
				32EE06BB24AE44A7008BD4ED /* Products */,
			);
			sourceTree = "<group>";
		};
		32EE06BB24AE44A7008BD4ED /* Products */ = {
			isa = PBXGroup;
			children = (
				32EE06BA24AE44A7008BD4ED /* NewTestGit.app */,
			);
			name = Products;
			sourceTree = "<group>";
		};
		32EE06BC24AE44A7008BD4ED /* NewTestGit */ = {
			isa = PBXGroup;
			children = (
				32EE06BD24AE44A7008BD4ED /* AppDelegate.swift */,
				32EE06BF24AE44A7008BD4ED /* SceneDelegate.swift */,
				32EE06C124AE44A7008BD4ED /* ViewController.swift */,
				32EE06C324AE44A7008BD4ED /* Main.storyboard */,
				32EE06C624AE44A8008BD4ED /* Assets.xcassets */,
				32EE06C824AE44A8008BD4ED /* LaunchScreen.storyboard */,
				32EE06CB24AE44A8008BD4ED /* Info.plist */,
			);
			path = NewTestGit;
			sourceTree = "<group>";
		};
/* End PBXGroup section */

/* Begin PBXNativeTarget section */
		32EE06B924AE44A7008BD4ED /* NewTestGit */ = {
			isa = PBXNativeTarget;
			buildConfigurationList = 32EE06CE24AE44A8008BD4ED /* Build configuration list for PBXNativeTarget "NewTestGit" */;
			buildPhases = (
				32EE06B624AE44A7008BD4ED /* Sources */,
				32EE06B724AE44A7008BD4ED /* Frameworks */,
				32EE06B824AE44A7008BD4ED /* Resources */,
			);
			buildRules = (
			);
			dependencies = (
			);
			name = NewTestGit;
			productName = NewTestGit;
			productReference = 32EE06BA24AE44A7008BD4ED /* NewTestGit.app */;
			productType = "com.apple.product-type.application";
		};
/* End PBXNativeTarget section */

/* Begin PBXProject section */
		32EE06B224AE44A7008BD4ED /* Project object */ = {
			isa = PBXProject;
			attributes = {
				LastSwiftUpdateCheck = 1150;
				LastUpgradeCheck = 1150;
				ORGANIZATIONNAME = "Filip Wojcieszak";
				TargetAttributes = {
					32EE06B924AE44A7008BD4ED = {
						CreatedOnToolsVersion = 11.5;
					};
				};
			};
			buildConfigurationList = 32EE06B524AE44A7008BD4ED /* Build configuration list for PBXProject "NewTestGit" */;
			compatibilityVersion = "Xcode 9.3";
			developmentRegion = en;
			hasScannedForEncodings = 0;
			knownRegions = (
				en,
				Base,
			);
			mainGroup = 32EE06B124AE44A7008BD4ED;
			productRefGroup = 32EE06BB24AE44A7008BD4ED /* Products */;
			projectDirPath = "";
			projectRoot = "";
			targets = (
				32EE06B924AE44A7008BD4ED /* NewTestGit */,
			);
		};
/* End PBXProject section */

/* Begin PBXResourcesBuildPhase section */
		32EE06B824AE44A7008BD4ED /* Resources */ = {
			isa = PBXResourcesBuildPhase;
			buildActionMask = 2147483647;
			files = (
				32EE06CA24AE44A8008BD4ED /* LaunchScreen.storyboard in Resources */,
				32EE06C724AE44A8008BD4ED /* Assets.xcassets in Resources */,
				32EE06C524AE44A7008BD4ED /* Main.storyboard in Resources */,
			);
			runOnlyForDeploymentPostprocessing = 0;
		};
/* End PBXResourcesBuildPhase section */

/* Begin PBXSourcesBuildPhase section */
		32EE06B624AE44A7008BD4ED /* Sources */ = {
			isa = PBXSourcesBuildPhase;
			buildActionMask = 2147483647;
			files = (
				32EE06C224AE44A7008BD4ED /* ViewController.swift in Sources */,
				32EE06BE24AE44A7008BD4ED /* AppDelegate.swift in Sources */,
				32EE06C024AE44A7008BD4ED /* SceneDelegate.swift in Sources */,
			);
			runOnlyForDeploymentPostprocessing = 0;
		};
/* End PBXSourcesBuildPhase section */

/* Begin PBXVariantGroup section */
		32EE06C324AE44A7008BD4ED /* Main.storyboard */ = {
			isa = PBXVariantGroup;
			children = (
				32EE06C424AE44A7008BD4ED /* Base */,
			);
			name = Main.storyboard;
			sourceTree = "<group>";
		};
		32EE06C824AE44A8008BD4ED /* LaunchScreen.storyboard */ = {
			isa = PBXVariantGroup;
			children = (
				32EE06C924AE44A8008BD4ED /* Base */,
			);
			name = LaunchScreen.storyboard;
			sourceTree = "<group>";
		};
/* End PBXVariantGroup section */

/* Begin XCBuildConfiguration section */
		32EE06CC24AE44A8008BD4ED /* Debug */ = {
			isa = XCBuildConfiguration;
			buildSettings = {
				ALWAYS_SEARCH_USER_PATHS = NO;
				CLANG_ANALYZER_NONNULL = YES;
				CLANG_ANALYZER_NUMBER_OBJECT_CONVERSION = YES_AGGRESSIVE;
				CLANG_CXX_LANGUAGE_STANDARD = "gnu++14";
				CLANG_CXX_LIBRARY = "libc++";
				CLANG_ENABLE_MODULES = YES;
				CLANG_ENABLE_OBJC_ARC = YES;
				CLANG_ENABLE_OBJC_WEAK = YES;
				CLANG_WARN_BLOCK_CAPTURE_AUTORELEASING = YES;
				CLANG_WARN_BOOL_CONVERSION = YES;
				CLANG_WARN_COMMA = YES;
				CLANG_WARN_CONSTANT_CONVERSION = YES;
				CLANG_WARN_DEPRECATED_OBJC_IMPLEMENTATIONS = YES;
				CLANG_WARN_DIRECT_OBJC_ISA_USAGE = YES_ERROR;
				CLANG_WARN_DOCUMENTATION_COMMENTS = YES;
				CLANG_WARN_EMPTY_BODY = YES;
				CLANG_WARN_ENUM_CONVERSION = YES;
				CLANG_WARN_INFINITE_RECURSION = YES;
				CLANG_WARN_INT_CONVERSION = YES;
				CLANG_WARN_NON_LITERAL_NULL_CONVERSION = YES;
				CLANG_WARN_OBJC_IMPLICIT_RETAIN_SELF = YES;
				CLANG_WARN_OBJC_LITERAL_CONVERSION = YES;
				CLANG_WARN_OBJC_ROOT_CLASS = YES_ERROR;
				CLANG_WARN_RANGE_LOOP_ANALYSIS = YES;
				CLANG_WARN_STRICT_PROTOTYPES = YES;
				CLANG_WARN_SUSPICIOUS_MOVE = YES;
				CLANG_WARN_UNGUARDED_AVAILABILITY = YES_AGGRESSIVE;
				CLANG_WARN_UNREACHABLE_CODE = YES;
				CLANG_WARN__DUPLICATE_METHOD_MATCH = YES;
				COPY_PHASE_STRIP = NO;
				DEBUG_INFORMATION_FORMAT = dwarf;
				ENABLE_STRICT_OBJC_MSGSEND = YES;
				ENABLE_TESTABILITY = YES;
				GCC_C_LANGUAGE_STANDARD = gnu11;
				GCC_DYNAMIC_NO_PIC = NO;
				GCC_NO_COMMON_BLOCKS = YES;
				GCC_OPTIMIZATION_LEVEL = 0;
				GCC_PREPROCESSOR_DEFINITIONS = (
					"DEBUG=1",
					"$(inherited)",
				);
				GCC_WARN_64_TO_32_BIT_CONVERSION = YES;
				GCC_WARN_ABOUT_RETURN_TYPE = YES_ERROR;
				GCC_WARN_UNDECLARED_SELECTOR = YES;
				GCC_WARN_UNINITIALIZED_AUTOS = YES_AGGRESSIVE;
				GCC_WARN_UNUSED_FUNCTION = YES;
				GCC_WARN_UNUSED_VARIABLE = YES;
				IPHONEOS_DEPLOYMENT_TARGET = 13.5;
				MTL_ENABLE_DEBUG_INFO = INCLUDE_SOURCE;
				MTL_FAST_MATH = YES;
				ONLY_ACTIVE_ARCH = YES;
				SDKROOT = iphoneos;
				SWIFT_ACTIVE_COMPILATION_CONDITIONS = DEBUG;
				SWIFT_OPTIMIZATION_LEVEL = "-Onone";
			};
			name = Debug;
		};
		32EE06CD24AE44A8008BD4ED /* Release */ = {
			isa = XCBuildConfiguration;
			buildSettings = {
				ALWAYS_SEARCH_USER_PATHS = NO;
				CLANG_ANALYZER_NONNULL = YES;
				CLANG_ANALYZER_NUMBER_OBJECT_CONVERSION = YES_AGGRESSIVE;
				CLANG_CXX_LANGUAGE_STANDARD = "gnu++14";
				CLANG_CXX_LIBRARY = "libc++";
				CLANG_ENABLE_MODULES = YES;
				CLANG_ENABLE_OBJC_ARC = YES;
				CLANG_ENABLE_OBJC_WEAK = YES;
				CLANG_WARN_BLOCK_CAPTURE_AUTORELEASING = YES;
				CLANG_WARN_BOOL_CONVERSION = YES;
				CLANG_WARN_COMMA = YES;
				CLANG_WARN_CONSTANT_CONVERSION = YES;
				CLANG_WARN_DEPRECATED_OBJC_IMPLEMENTATIONS = YES;
				CLANG_WARN_DIRECT_OBJC_ISA_USAGE = YES_ERROR;
				CLANG_WARN_DOCUMENTATION_COMMENTS = YES;
				CLANG_WARN_EMPTY_BODY = YES;
				CLANG_WARN_ENUM_CONVERSION = YES;
				CLANG_WARN_INFINITE_RECURSION = YES;
				CLANG_WARN_INT_CONVERSION = YES;
				CLANG_WARN_NON_LITERAL_NULL_CONVERSION = YES;
				CLANG_WARN_OBJC_IMPLICIT_RETAIN_SELF = YES;
				CLANG_WARN_OBJC_LITERAL_CONVERSION = YES;
				CLANG_WARN_OBJC_ROOT_CLASS = YES_ERROR;
				CLANG_WARN_RANGE_LOOP_ANALYSIS = YES;
				CLANG_WARN_STRICT_PROTOTYPES = YES;
				CLANG_WARN_SUSPICIOUS_MOVE = YES;
				CLANG_WARN_UNGUARDED_AVAILABILITY = YES_AGGRESSIVE;
				CLANG_WARN_UNREACHABLE_CODE = YES;
				CLANG_WARN__DUPLICATE_METHOD_MATCH = YES;
				COPY_PHASE_STRIP = NO;
				DEBUG_INFORMATION_FORMAT = "dwarf-with-dsym";
				ENABLE_NS_ASSERTIONS = NO;
				ENABLE_STRICT_OBJC_MSGSEND = YES;
				GCC_C_LANGUAGE_STANDARD = gnu11;
				GCC_NO_COMMON_BLOCKS = YES;
				GCC_WARN_64_TO_32_BIT_CONVERSION = YES;
				GCC_WARN_ABOUT_RETURN_TYPE = YES_ERROR;
				GCC_WARN_UNDECLARED_SELECTOR = YES;
				GCC_WARN_UNINITIALIZED_AUTOS = YES_AGGRESSIVE;
				GCC_WARN_UNUSED_FUNCTION = YES;
				GCC_WARN_UNUSED_VARIABLE = YES;
				IPHONEOS_DEPLOYMENT_TARGET = 13.5;
				MTL_ENABLE_DEBUG_INFO = NO;
				MTL_FAST_MATH = YES;
				SDKROOT = iphoneos;
				SWIFT_COMPILATION_MODE = wholemodule;
				SWIFT_OPTIMIZATION_LEVEL = "-O";
				VALIDATE_PRODUCT = YES;
			};
			name = Release;
		};
		32EE06CF24AE44A8008BD4ED /* Debug */ = {
			isa = XCBuildConfiguration;
			buildSettings = {
				ASSETCATALOG_COMPILER_APPICON_NAME = AppIcon;
				CODE_SIGN_STYLE = Automatic;
				DEVELOPMENT_TEAM = 3497QP7VJ9;
				INFOPLIST_FILE = NewTestGit/Info.plist;
				LD_RUNPATH_SEARCH_PATHS = (
					"$(inherited)",
					"@executable_path/Frameworks",
				);
				PRODUCT_BUNDLE_IDENTIFIER = com.wojakbojak.NewTestGit;
				PRODUCT_NAME = "$(TARGET_NAME)";
				SWIFT_VERSION = 5.0;
				TARGETED_DEVICE_FAMILY = "1,2";
			};
			name = Debug;
		};
		32EE06D024AE44A8008BD4ED /* Release */ = {
			isa = XCBuildConfiguration;
			buildSettings = {
				ASSETCATALOG_COMPILER_APPICON_NAME = AppIcon;
				CODE_SIGN_STYLE = Automatic;
				DEVELOPMENT_TEAM = 3497QP7VJ9;
				INFOPLIST_FILE = NewTestGit/Info.plist;
				LD_RUNPATH_SEARCH_PATHS = (
					"$(inherited)",
					"@executable_path/Frameworks",
				);
				PRODUCT_BUNDLE_IDENTIFIER = com.wojakbojak.NewTestGit;
				PRODUCT_NAME = "$(TARGET_NAME)";
				SWIFT_VERSION = 5.0;
				TARGETED_DEVICE_FAMILY = "1,2";
			};
			name = Release;
		};
/* End XCBuildConfiguration section */

/* Begin XCConfigurationList section */
		32EE06B524AE44A7008BD4ED /* Build configuration list for PBXProject "NewTestGit" */ = {
			isa = XCConfigurationList;
			buildConfigurations = (
				32EE06CC24AE44A8008BD4ED /* Debug */,
				32EE06CD24AE44A8008BD4ED /* Release */,
			);
			defaultConfigurationIsVisible = 0;
			defaultConfigurationName = Release;
		};
		32EE06CE24AE44A8008BD4ED /* Build configuration list for PBXNativeTarget "NewTestGit" */ = {
			isa = XCConfigurationList;
			buildConfigurations = (
				32EE06CF24AE44A8008BD4ED /* Debug */,
				32EE06D024AE44A8008BD4ED /* Release */,
			);
			defaultConfigurationIsVisible = 0;
			defaultConfigurationName = Release;
		};
/* End XCConfigurationList section */
	};
	rootObject = 32EE06B224AE44A7008BD4ED /* Project object */;
}
